
Microsoft Visual Studio Solution File, Format Version 12.00
# Visual Studio Version 16
VisualStudioVersion = 16.0.31005.135
MinimumVisualStudioVersion = 10.0.40219.1
Project("{FAE04EC0-301F-11D3-BF4B-00C04F79EFBC}") = "GraMemory", "GraMemory\GraMemory.csproj", "{96D4CBA1-699B-40B2-9526-D8197E471994}"
EndProject
Global
	GlobalSection(SolutionConfigurationPlatforms) = preSolution
		Debug|Any CPU = Debug|Any CPU
		Release|Any CPU = Release|Any CPU
	EndGlobalSection
	GlobalSection(ProjectConfigurationPlatforms) = postSolution
		{96D4CBA1-699B-40B2-9526-D8197E471994}.Debug|Any CPU.ActiveCfg = Debug|Any CPU
		{96D4CBA1-699B-40B2-9526-D8197E471994}.Debug|Any CPU.Build.0 = Debug|Any CPU
		{96D4CBA1-699B-40B2-9526-D8197E471994}.Release|Any CPU.ActiveCfg = Release|Any CPU
		{96D4CBA1-699B-40B2-9526-D8197E471994}.Release|Any CPU.Build.0 = Release|Any CPU
	EndGlobalSection
	GlobalSection(SolutionProperties) = preSolution
		HideSolutionNode = FALSE
	EndGlobalSection
	GlobalSection(ExtensibilityGlobals) = postSolution
		SolutionGuid = {0EADC3CA-7185-410F-B333-4F32EC431EC6}
	EndGlobalSection
EndGlobal
